{
  "version": 4,
  "terraform_version": "1.1.5",
  "serial": 8,
  "lineage": "5e555471-7205-10e4-d36a-78370fa51722",
  "outputs": {},
  "resources": [
    {
      "mode": "managed",
      "type": "aws_vpc",
      "name": "charani",
      "provider": "provider[\"registry.terraform.io/hashicorp/aws\"]",
      "instances": [
        {
          "schema_version": 1,
          "attributes": {
            "arn": "arn:aws:ec2:ap-south-1:119138534498:vpc/vpc-056e86c68e80a6a12",
            "assign_generated_ipv6_cidr_block": false,
            "cidr_block": "10.0.0.0/16",
            "default_network_acl_id": "acl-0bc68fe494e05048d",
            "default_route_table_id": "rtb-03bc7dc1e669ddc8c",
            "default_security_group_id": "sg-098b5df63a4723db4",
            "dhcp_options_id": "dopt-0960931360cc4a194",
            "enable_dns_hostnames": false,
            "enable_dns_support": true,
            "enable_network_address_usage_metrics": false,
            "id": "vpc-056e86c68e80a6a12",
            "instance_tenancy": "default",
            "ipv4_ipam_pool_id": null,
            "ipv4_netmask_length": null,
            "ipv6_association_id": "",
            "ipv6_cidr_block": "",
            "ipv6_cidr_block_network_border_group": "",
            "ipv6_ipam_pool_id": "",
            "ipv6_netmask_length": 0,
            "main_route_table_id": "rtb-03bc7dc1e669ddc8c",
            "owner_id": "119138534498",
            "tags": {
              "Name": "Charani Staging"
            },
            "tags_all": {
              "Name": "Charani Staging"
            }
          },
          "sensitive_attributes": [],
          "private": "eyJzY2hlbWFfdmVyc2lvbiI6IjEifQ=="
        }
      ]
    }
  ]
}
